{
  "pins" : [
    {
      "identity" : "amplitude-swift",
      "kind" : "remoteSourceControl",
      "location" : "https://github.com/amplitude/Amplitude-Swift.git",
      "state" : {
        "revision" : "9479e13442caea26cef9e0a84ce9b97cd74bff83",
        "version" : "1.18.8"
      }
    },
    {
      "identity" : "amplitudecore-swift",
      "kind" : "remoteSourceControl",
      "location" : "https://github.com/amplitude/AmplitudeCore-Swift.git",
      "state" : {
        "revision" : "ff75492c13d93031d7b387d2f380fe4e2ae69e61",
        "version" : "1.5.1"
      }
    },
    {
      "identity" : "analytics-connector-ios",
      "kind" : "remoteSourceControl",
      "location" : "https://github.com/amplitude/analytics-connector-ios.git",
      "state" : {
        "revision" : "6d1a5b9666192861342b70ea0b2274180a5e1d4f",
        "version" : "1.3.3"
      }
    }
  ],
  "version" : 2
}
